
Microsoft Visual Studio Solution File, Format Version 12.00
# Visual Studio Version 17
VisualStudioVersion = 17.12.35323.107
MinimumVisualStudioVersion = 10.0.40219.1
Project("{FAE04EC0-301F-11D3-BF4B-00C04F79EFBC}") = "MachineLearning", "MachineLearning.csproj", "{7B0A8CAF-61CE-4D16-BE7B-959A5FA1640A}"
EndProject
Global
	GlobalSection(SolutionConfigurationPlatforms) = preSolution
		Debug|Any CPU = Debug|Any CPU
		Release|Any CPU = Release|Any CPU
	EndGlobalSection
	GlobalSection(ProjectConfigurationPlatforms) = postSolution
		{7B0A8CAF-61CE-4D16-BE7B-959A5FA1640A}.Debug|Any CPU.ActiveCfg = Debug|Any CPU
		{7B0A8CAF-61CE-4D16-BE7B-959A5FA1640A}.Debug|Any CPU.Build.0 = Debug|Any CPU
		{7B0A8CAF-61CE-4D16-BE7B-959A5FA1640A}.Release|Any CPU.ActiveCfg = Release|Any CPU
		{7B0A8CAF-61CE-4D16-BE7B-959A5FA1640A}.Release|Any CPU.Build.0 = Release|Any CPU
	EndGlobalSection
	GlobalSection(SolutionProperties) = preSolution
		HideSolutionNode = FALSE
	EndGlobalSection
	GlobalSection(ExtensibilityGlobals) = postSolution
		SolutionGuid = {CC67A425-9E5D-493D-97D1-8D75E9B322B2}
	EndGlobalSection
EndGlobal
